
Microsoft Visual Studio Solution File, Format Version 12.00
# Visual Studio Version 16
VisualStudioVersion = 16.0.28606.126
MinimumVisualStudioVersion = 10.0.40219.1
Project("{9A19103F-16F7-4668-BE54-9A1E7A4F7556}") = "BlazorPager", "BlazorPager\BlazorPager.csproj", "{97B2CCFC-A7AE-42EF-BCA9-4DF71E8CC92C}"
EndProject
Project("{2150E333-8FDC-42A3-9474-1A3956D46DE8}") = "Demo", "Demo", "{EA283B01-F23B-4D60-A791-A43DC58C5145}"
EndProject
Project("{FAE04EC0-301F-11D3-BF4B-00C04F79EFBC}") = "RazorComponents", "Demo\RazorComponents\RazorComponents.csproj", "{E8C35A13-6B1C-499A-B391-183650D75468}"
EndProject
Project("{FAE04EC0-301F-11D3-BF4B-00C04F79EFBC}") = "BlazorHosted.Server", "Demo\BlazorHosted\BlazorHosted.Server\BlazorHosted.Server.csproj", "{187A947B-ED6B-453F-8EEF-BB6C5C607A3E}"
EndProject
Project("{FAE04EC0-301F-11D3-BF4B-00C04F79EFBC}") = "BlazorHosted.Client", "Demo\BlazorHosted\BlazorHosted.Client\BlazorHosted.Client.csproj", "{73A76923-007A-41A1-8A4F-537022831963}"
EndProject
Project("{FAE04EC0-301F-11D3-BF4B-00C04F79EFBC}") = "BlazorHosted.Shared", "Demo\BlazorHosted\BlazorHosted.Shared\BlazorHosted.Shared.csproj", "{577C5086-ADC5-4DEA-8FC2-3C404AEDFBF6}"
EndProject
Project("{2150E333-8FDC-42A3-9474-1A3956D46DE8}") = "BlazorHosted", "BlazorHosted", "{72DE1447-0E4A-4689-9DEF-82CDE3904023}"
EndProject
Global
	GlobalSection(SolutionConfigurationPlatforms) = preSolution
		Debug|Any CPU = Debug|Any CPU
		Release|Any CPU = Release|Any CPU
	EndGlobalSection
	GlobalSection(ProjectConfigurationPlatforms) = postSolution
		{97B2CCFC-A7AE-42EF-BCA9-4DF71E8CC92C}.Debug|Any CPU.ActiveCfg = Debug|Any CPU
		{97B2CCFC-A7AE-42EF-BCA9-4DF71E8CC92C}.Debug|Any CPU.Build.0 = Debug|Any CPU
		{97B2CCFC-A7AE-42EF-BCA9-4DF71E8CC92C}.Release|Any CPU.ActiveCfg = Release|Any CPU
		{97B2CCFC-A7AE-42EF-BCA9-4DF71E8CC92C}.Release|Any CPU.Build.0 = Release|Any CPU
		{E8C35A13-6B1C-499A-B391-183650D75468}.Debug|Any CPU.ActiveCfg = Debug|Any CPU
		{E8C35A13-6B1C-499A-B391-183650D75468}.Debug|Any CPU.Build.0 = Debug|Any CPU
		{E8C35A13-6B1C-499A-B391-183650D75468}.Release|Any CPU.ActiveCfg = Release|Any CPU
		{E8C35A13-6B1C-499A-B391-183650D75468}.Release|Any CPU.Build.0 = Release|Any CPU
		{187A947B-ED6B-453F-8EEF-BB6C5C607A3E}.Debug|Any CPU.ActiveCfg = Debug|Any CPU
		{187A947B-ED6B-453F-8EEF-BB6C5C607A3E}.Debug|Any CPU.Build.0 = Debug|Any CPU
		{187A947B-ED6B-453F-8EEF-BB6C5C607A3E}.Release|Any CPU.ActiveCfg = Release|Any CPU
		{187A947B-ED6B-453F-8EEF-BB6C5C607A3E}.Release|Any CPU.Build.0 = Release|Any CPU
		{73A76923-007A-41A1-8A4F-537022831963}.Debug|Any CPU.ActiveCfg = Debug|Any CPU
		{73A76923-007A-41A1-8A4F-537022831963}.Debug|Any CPU.Build.0 = Debug|Any CPU
		{73A76923-007A-41A1-8A4F-537022831963}.Release|Any CPU.ActiveCfg = Release|Any CPU
		{73A76923-007A-41A1-8A4F-537022831963}.Release|Any CPU.Build.0 = Release|Any CPU
		{577C5086-ADC5-4DEA-8FC2-3C404AEDFBF6}.Debug|Any CPU.ActiveCfg = Debug|Any CPU
		{577C5086-ADC5-4DEA-8FC2-3C404AEDFBF6}.Debug|Any CPU.Build.0 = Debug|Any CPU
		{577C5086-ADC5-4DEA-8FC2-3C404AEDFBF6}.Release|Any CPU.ActiveCfg = Release|Any CPU
		{577C5086-ADC5-4DEA-8FC2-3C404AEDFBF6}.Release|Any CPU.Build.0 = Release|Any CPU
	EndGlobalSection
	GlobalSection(SolutionProperties) = preSolution
		HideSolutionNode = FALSE
	EndGlobalSection
	GlobalSection(NestedProjects) = preSolution
		{E8C35A13-6B1C-499A-B391-183650D75468} = {EA283B01-F23B-4D60-A791-A43DC58C5145}
		{187A947B-ED6B-453F-8EEF-BB6C5C607A3E} = {72DE1447-0E4A-4689-9DEF-82CDE3904023}
		{73A76923-007A-41A1-8A4F-537022831963} = {72DE1447-0E4A-4689-9DEF-82CDE3904023}
		{577C5086-ADC5-4DEA-8FC2-3C404AEDFBF6} = {72DE1447-0E4A-4689-9DEF-82CDE3904023}
		{72DE1447-0E4A-4689-9DEF-82CDE3904023} = {EA283B01-F23B-4D60-A791-A43DC58C5145}
	EndGlobalSection
	GlobalSection(ExtensibilityGlobals) = postSolution
		SolutionGuid = {AAAB50BB-53D3-4B84-AACC-C45AF38ED870}
	EndGlobalSection
EndGlobal
